
Microsoft Visual Studio Solution File, Format Version 12.00
# Visual Studio Version 17
VisualStudioVersion = 17.14.36414.22
MinimumVisualStudioVersion = 10.0.40219.1
Project("{FAE04EC0-301F-11D3-BF4B-00C04F79EFBC}") = "CodeAnalyser.BL", "src\CodeAnalyser.BL\CodeAnalyser.BL.csproj", "{7333F974-829F-4F9C-A565-637CC7DD9FB0}"
EndProject
Project("{FAE04EC0-301F-11D3-BF4B-00C04F79EFBC}") = "CodeAnalyser.App", "src\CodeAnalyser.App\CodeAnalyser.App.csproj", "{B0F51A1E-D5A1-4F2F-AD5D-660D40B7156D}"
EndProject
Project("{FAE04EC0-301F-11D3-BF4B-00C04F79EFBC}") = "CodeAnalyser.BL.Tests", "test\CodeAnalyser.BL.Tests\CodeAnalyser.BL.Tests.csproj", "{52120797-357C-4BBD-ABBF-0AA76D8609D8}"
EndProject
Project("{2150E333-8FDC-42A3-9474-1A3956D46DE8}") = "src", "src", "{36D591C7-65C7-A0D1-1CBC-10CDE441BDC8}"
EndProject
Project("{2150E333-8FDC-42A3-9474-1A3956D46DE8}") = "test", "test", "{B501AC62-30EA-4992-A22B-F170E24B1265}"
EndProject
Global
	GlobalSection(SolutionConfigurationPlatforms) = preSolution
		Debug|Any CPU = Debug|Any CPU
		Release|Any CPU = Release|Any CPU
	EndGlobalSection
	GlobalSection(ProjectConfigurationPlatforms) = postSolution
		{7333F974-829F-4F9C-A565-637CC7DD9FB0}.Debug|Any CPU.ActiveCfg = Debug|Any CPU
		{7333F974-829F-4F9C-A565-637CC7DD9FB0}.Debug|Any CPU.Build.0 = Debug|Any CPU
		{7333F974-829F-4F9C-A565-637CC7DD9FB0}.Release|Any CPU.ActiveCfg = Release|Any CPU
		{7333F974-829F-4F9C-A565-637CC7DD9FB0}.Release|Any CPU.Build.0 = Release|Any CPU
		{B0F51A1E-D5A1-4F2F-AD5D-660D40B7156D}.Debug|Any CPU.ActiveCfg = Debug|Any CPU
		{B0F51A1E-D5A1-4F2F-AD5D-660D40B7156D}.Debug|Any CPU.Build.0 = Debug|Any CPU
		{B0F51A1E-D5A1-4F2F-AD5D-660D40B7156D}.Release|Any CPU.ActiveCfg = Release|Any CPU
		{B0F51A1E-D5A1-4F2F-AD5D-660D40B7156D}.Release|Any CPU.Build.0 = Release|Any CPU
		{52120797-357C-4BBD-ABBF-0AA76D8609D8}.Debug|Any CPU.ActiveCfg = Debug|Any CPU
		{52120797-357C-4BBD-ABBF-0AA76D8609D8}.Debug|Any CPU.Build.0 = Debug|Any CPU
		{52120797-357C-4BBD-ABBF-0AA76D8609D8}.Release|Any CPU.ActiveCfg = Release|Any CPU
		{52120797-357C-4BBD-ABBF-0AA76D8609D8}.Release|Any CPU.Build.0 = Release|Any CPU
	EndGlobalSection
	GlobalSection(SolutionProperties) = preSolution
		HideSolutionNode = FALSE
	EndGlobalSection
	GlobalSection(NestedProjects) = preSolution
		{7333F974-829F-4F9C-A565-637CC7DD9FB0} = {36D591C7-65C7-A0D1-1CBC-10CDE441BDC8}
		{B0F51A1E-D5A1-4F2F-AD5D-660D40B7156D} = {36D591C7-65C7-A0D1-1CBC-10CDE441BDC8}
		{52120797-357C-4BBD-ABBF-0AA76D8609D8} = {B501AC62-30EA-4992-A22B-F170E24B1265}
	EndGlobalSection
	GlobalSection(ExtensibilityGlobals) = postSolution
		SolutionGuid = {A1FA7D9E-3DD6-4643-83C1-0B235C312D2F}
	EndGlobalSection
EndGlobal
